Microsoft Visual Studio Solution File, Format Version 11.00
# Visual Studio 2008

Project("{3D6765C7-9271-520B-CF3B-DFB106E5EEFC}") = "Sachit", "Assembly-CSharp-firstpass.csproj", "{C6145CF4-66FE-F50A-4AF3-9EF26C9F2908}"
EndProject
Project("{3D6765C7-9271-520B-CF3B-DFB106E5EEFC}") = "Sachit", "Assembly-CSharp.csproj", "{D40418AE-87BC-566C-C538-CCB4FF8E796C}"
EndProject
Project("{3D6765C7-9271-520B-CF3B-DFB106E5EEFC}") = "Sachit", "Assembly-CSharp-Editor.csproj", "{AE764ED3-AEFE-FD02-9F02-3128AB3E8D66}"
EndProject
Project("{3D6765C7-9271-520B-CF3B-DFB106E5EEFC}") = "Sachit", "Assembly-UnityScript-firstpass.unityproj", "{9370DE03-DE63-84C7-9D93-09DB3FE6FD5F}"
EndProject
Project("{3D6765C7-9271-520B-CF3B-DFB106E5EEFC}") = "Sachit", "Assembly-UnityScript.unityproj", "{273CF573-9642-D93F-FE7F-5BCCB94B2DBD}"
EndProject
Project("{3D6765C7-9271-520B-CF3B-DFB106E5EEFC}") = "Sachit", "Assembly-UnityScript-Editor.unityproj", "{673A01FB-FEF6-E7D3-BD17-15E1833D071B}"
EndProject
Global
	GlobalSection(SolutionConfigurationPlatforms) = preSolution
		Debug|Any CPU = Debug|Any CPU
		Release|Any CPU = Release|Any CPU
	EndGlobalSection
	GlobalSection(ProjectConfigurationPlatforms) = postSolution
		{C6145CF4-66FE-F50A-4AF3-9EF26C9F2908}.Debug|Any CPU.ActiveCfg = Debug|Any CPU
		{C6145CF4-66FE-F50A-4AF3-9EF26C9F2908}.Debug|Any CPU.Build.0 = Debug|Any CPU
		{C6145CF4-66FE-F50A-4AF3-9EF26C9F2908}.Release|Any CPU.ActiveCfg = Release|Any CPU
		{C6145CF4-66FE-F50A-4AF3-9EF26C9F2908}.Release|Any CPU.Build.0 = Release|Any CPU
		{D40418AE-87BC-566C-C538-CCB4FF8E796C}.Debug|Any CPU.ActiveCfg = Debug|Any CPU
		{D40418AE-87BC-566C-C538-CCB4FF8E796C}.Debug|Any CPU.Build.0 = Debug|Any CPU
		{D40418AE-87BC-566C-C538-CCB4FF8E796C}.Release|Any CPU.ActiveCfg = Release|Any CPU
		{D40418AE-87BC-566C-C538-CCB4FF8E796C}.Release|Any CPU.Build.0 = Release|Any CPU
		{AE764ED3-AEFE-FD02-9F02-3128AB3E8D66}.Debug|Any CPU.ActiveCfg = Debug|Any CPU
		{AE764ED3-AEFE-FD02-9F02-3128AB3E8D66}.Debug|Any CPU.Build.0 = Debug|Any CPU
		{AE764ED3-AEFE-FD02-9F02-3128AB3E8D66}.Release|Any CPU.ActiveCfg = Release|Any CPU
		{AE764ED3-AEFE-FD02-9F02-3128AB3E8D66}.Release|Any CPU.Build.0 = Release|Any CPU
		{9370DE03-DE63-84C7-9D93-09DB3FE6FD5F}.Debug|Any CPU.ActiveCfg = Debug|Any CPU
		{9370DE03-DE63-84C7-9D93-09DB3FE6FD5F}.Debug|Any CPU.Build.0 = Debug|Any CPU
		{9370DE03-DE63-84C7-9D93-09DB3FE6FD5F}.Release|Any CPU.ActiveCfg = Release|Any CPU
		{9370DE03-DE63-84C7-9D93-09DB3FE6FD5F}.Release|Any CPU.Build.0 = Release|Any CPU
		{273CF573-9642-D93F-FE7F-5BCCB94B2DBD}.Debug|Any CPU.ActiveCfg = Debug|Any CPU
		{273CF573-9642-D93F-FE7F-5BCCB94B2DBD}.Debug|Any CPU.Build.0 = Debug|Any CPU
		{273CF573-9642-D93F-FE7F-5BCCB94B2DBD}.Release|Any CPU.ActiveCfg = Release|Any CPU
		{273CF573-9642-D93F-FE7F-5BCCB94B2DBD}.Release|Any CPU.Build.0 = Release|Any CPU
		{673A01FB-FEF6-E7D3-BD17-15E1833D071B}.Debug|Any CPU.ActiveCfg = Debug|Any CPU
		{673A01FB-FEF6-E7D3-BD17-15E1833D071B}.Debug|Any CPU.Build.0 = Debug|Any CPU
		{673A01FB-FEF6-E7D3-BD17-15E1833D071B}.Release|Any CPU.ActiveCfg = Release|Any CPU
		{673A01FB-FEF6-E7D3-BD17-15E1833D071B}.Release|Any CPU.Build.0 = Release|Any CPU
	EndGlobalSection
	GlobalSection(SolutionProperties) = preSolution
		HideSolutionNode = FALSE
	EndGlobalSection
												GlobalSection(MonoDevelopProperties) = preSolution
		StartupItem = Assembly-CSharp.csproj
		Policies = $0
		$0.TextStylePolicy = $1
		$1.inheritsSet = null
		$1.scope = text/x-csharp
		$0.CSharpFormattingPolicy = $2
		$2.inheritsSet = Mono
		$2.inheritsScope = text/x-csharp
		$2.scope = text/x-csharp
		$0.TextStylePolicy = $3
		$3.FileWidth = 120
		$3.TabWidth = 4
		$3.IndentWidth = 4
		$3.EolMarker = Unix
		$3.inheritsSet = Mono
		$3.inheritsScope = text/plain
		$3.scope = text/plain
	EndGlobalSection

EndGlobal
